PODS:
  - MisterFusion (2.0.1)
  - QiitaApiClient (0.1.0):
    - MisterFusion (~> 2.0.0)

DEPENDENCIES:
  - QiitaApiClient (from `../`)

EXTERNAL SOURCES:
  QiitaApiClient:
    :path: "../"

SPEC CHECKSUMS:
  MisterFusion: d42cac7afe8318c282bcda93396eba0aef45d30e
  QiitaApiClient: a124cba5063ebe9e51dc04c6ce9988f315a2f159

PODFILE CHECKSUM: 9ced15bd24a166dd0c17d8f958c1385b7b47a0f7

COCOAPODS: 1.1.0.rc.2
