PODS:
  - MisterFusion (1.2.2)
  - QiitaApiClient (0.1.0):
    - MisterFusion (~> 1.2)

DEPENDENCIES:
  - QiitaApiClient (from `../`)

EXTERNAL SOURCES:
  QiitaApiClient:
    :path: "../"

SPEC CHECKSUMS:
  MisterFusion: f979335323ddd5fb13c889e98ce34fe30489b8d7
  QiitaApiClient: d8fbd24348be9329605e1d4398063d1968a670b7

COCOAPODS: 0.39.0
