PODS:
  - MisterFusion (1.2.2)
  - QiitaApiClient (0.1.0):
    - MisterFusion (~> 1.2)

DEPENDENCIES:
  - QiitaApiClient (from `../`)

EXTERNAL SOURCES:
  QiitaApiClient:
    :path: "../"

SPEC CHECKSUMS:
  MisterFusion: f979335323ddd5fb13c889e98ce34fe30489b8d7
  QiitaApiClient: 8d0c855d6058bacc41b8929de7ce4d8e6c36483f

COCOAPODS: 0.39.0
